// !$*UTF8*$!
{
	archiveVersion = 1;
	classes = {
	};
	objectVersion = 56;
	objects = {

/* Begin PBXBuildFile section */
		D79198042D21CD7F00B4EE0A /* ImageLoader.swift in Sources */ = {isa = PBXBuildFile; fileRef = D79198032D21CD7F00B4EE0A /* ImageLoader.swift */; };
		D79198062D21CDA300B4EE0A /* AsyncImageView.swift in Sources */ = {isa = PBXBuildFile; fileRef = D79198052D21CDA300B4EE0A /* AsyncImageView.swift */; };
		D79198082D21CF4A00B4EE0A /* ImageCache.swift in Sources */ = {isa = PBXBuildFile; fileRef = D79198072D21CF4A00B4EE0A /* ImageCache.swift */; };
		D7B358CA2D1D3F730076D6C0 /* CocktailAppApp.swift in Sources */ = {isa = PBXBuildFile; fileRef = D7B358C92D1D3F730076D6C0 /* CocktailAppApp.swift */; };
		D7B358CC2D1D3F730076D6C0 /* ContentView.swift in Sources */ = {isa = PBXBuildFile; fileRef = D7B358CB2D1D3F730076D6C0 /* ContentView.swift */; };
		D7B358CE2D1D3F870076D6C0 /* Assets.xcassets in Resources */ = {isa = PBXBuildFile; fileRef = D7B358CD2D1D3F870076D6C0 /* Assets.xcassets */; };
		D7B358D22D1D3F870076D6C0 /* Preview Assets.xcassets in Resources */ = {isa = PBXBuildFile; fileRef = D7B358D12D1D3F870076D6C0 /* Preview Assets.xcassets */; };
		D7B358DC2D1D3F880076D6C0 /* CocktailAppTests.swift in Sources */ = {isa = PBXBuildFile; fileRef = D7B358DB2D1D3F880076D6C0 /* CocktailAppTests.swift */; };
		D7B358E62D1D3F880076D6C0 /* CocktailAppUITests.swift in Sources */ = {isa = PBXBuildFile; fileRef = D7B358E52D1D3F880076D6C0 /* CocktailAppUITests.swift */; };
		D7B358E82D1D3F880076D6C0 /* CocktailAppUITestsLaunchTests.swift in Sources */ = {isa = PBXBuildFile; fileRef = D7B358E72D1D3F880076D6C0 /* CocktailAppUITestsLaunchTests.swift */; };
		D7B358F92D1D41530076D6C0 /* CocktailItem.swift in Sources */ = {isa = PBXBuildFile; fileRef = D7B358F82D1D41530076D6C0 /* CocktailItem.swift */; };
		D7B358FB2D1D41710076D6C0 /* CocktailDetails.swift in Sources */ = {isa = PBXBuildFile; fileRef = D7B358FA2D1D41710076D6C0 /* CocktailDetails.swift */; };
		D7B358FD2D1D41A60076D6C0 /* CocktailAPIService.swift in Sources */ = {isa = PBXBuildFile; fileRef = D7B358FC2D1D41A60076D6C0 /* CocktailAPIService.swift */; };
		D7B358FF2D1D41CF0076D6C0 /* CocktailViewModel.swift in Sources */ = {isa = PBXBuildFile; fileRef = D7B358FE2D1D41CF0076D6C0 /* CocktailViewModel.swift */; };
		D7B359012D1D42350076D6C0 /* CocktailListView.swift in Sources */ = {isa = PBXBuildFile; fileRef = D7B359002D1D42350076D6C0 /* CocktailListView.swift */; };
		D7B359032D1D42450076D6C0 /* CocktailDetailView.swift in Sources */ = {isa = PBXBuildFile; fileRef = D7B359022D1D42450076D6C0 /* CocktailDetailView.swift */; };
		D7F900BC2D1E95B000064214 /* CocktailViewModelTests.swift in Sources */ = {isa = PBXBuildFile; fileRef = D7F900BB2D1E95B000064214 /* CocktailViewModelTests.swift */; };
		D7F900BE2D1E968400064214 /* CocktailAPIServiceProtocol.swift in Sources */ = {isa = PBXBuildFile; fileRef = D7F900BD2D1E968400064214 /* CocktailAPIServiceProtocol.swift */; };
		D7F900C02D1E98E200064214 /* MockCocktailAPIService.swift in Sources */ = {isa = PBXBuildFile; fileRef = D7F900BF2D1E98E200064214 /* MockCocktailAPIService.swift */; };
/* End PBXBuildFile section */

/* Begin PBXContainerItemProxy section */
		D7B358D82D1D3F880076D6C0 /* PBXContainerItemProxy */ = {
			isa = PBXContainerItemProxy;
			containerPortal = D7B358BE2D1D3F730076D6C0 /* Project object */;
			proxyType = 1;
			remoteGlobalIDString = D7B358C52D1D3F730076D6C0;
			remoteInfo = CocktailApp;
		};
		D7B358E22D1D3F880076D6C0 /* PBXContainerItemProxy */ = {
			isa = PBXContainerItemProxy;
			containerPortal = D7B358BE2D1D3F730076D6C0 /* Project object */;
			proxyType = 1;
			remoteGlobalIDString = D7B358C52D1D3F730076D6C0;
			remoteInfo = CocktailApp;
		};
/* End PBXContainerItemProxy section */

/* Begin PBXFileReference section */
		D79198032D21CD7F00B4EE0A /* ImageLoader.swift */ = {isa = PBXFileReference; lastKnownFileType = sourcecode.swift; path = ImageLoader.swift; sourceTree = "<group>"; };
		D79198052D21CDA300B4EE0A /* AsyncImageView.swift */ = {isa = PBXFileReference; lastKnownFileType = sourcecode.swift; path = AsyncImageView.swift; sourceTree = "<group>"; };
		D79198072D21CF4A00B4EE0A /* ImageCache.swift */ = {isa = PBXFileReference; lastKnownFileType = sourcecode.swift; path = ImageCache.swift; sourceTree = "<group>"; };
		D7B358C62D1D3F730076D6C0 /* CocktailApp.app */ = {isa = PBXFileReference; explicitFileType = wrapper.application; includeInIndex = 0; path = CocktailApp.app; sourceTree = BUILT_PRODUCTS_DIR; };
		D7B358C92D1D3F730076D6C0 /* CocktailAppApp.swift */ = {isa = PBXFileReference; lastKnownFileType = sourcecode.swift; path = CocktailAppApp.swift; sourceTree = "<group>"; };
		D7B358CB2D1D3F730076D6C0 /* ContentView.swift */ = {isa = PBXFileReference; lastKnownFileType = sourcecode.swift; path = ContentView.swift; sourceTree = "<group>"; };
		D7B358CD2D1D3F870076D6C0 /* Assets.xcassets */ = {isa = PBXFileReference; lastKnownFileType = folder.assetcatalog; path = Assets.xcassets; sourceTree = "<group>"; };
		D7B358CF2D1D3F870076D6C0 /* CocktailApp.entitlements */ = {isa = PBXFileReference; lastKnownFileType = text.plist.entitlements; path = CocktailApp.entitlements; sourceTree = "<group>"; };
		D7B358D12D1D3F870076D6C0 /* Preview Assets.xcassets */ = {isa = PBXFileReference; lastKnownFileType = folder.assetcatalog; path = "Preview Assets.xcassets"; sourceTree = "<group>"; };
		D7B358D72D1D3F880076D6C0 /* CocktailAppTests.xctest */ = {isa = PBXFileReference; explicitFileType = wrapper.cfbundle; includeInIndex = 0; path = CocktailAppTests.xctest; sourceTree = BUILT_PRODUCTS_DIR; };
		D7B358DB2D1D3F880076D6C0 /* CocktailAppTests.swift */ = {isa = PBXFileReference; lastKnownFileType = sourcecode.swift; path = CocktailAppTests.swift; sourceTree = "<group>"; };
		D7B358E12D1D3F880076D6C0 /* CocktailAppUITests.xctest */ = {isa = PBXFileReference; explicitFileType = wrapper.cfbundle; includeInIndex = 0; path = CocktailAppUITests.xctest; sourceTree = BUILT_PRODUCTS_DIR; };
		D7B358E52D1D3F880076D6C0 /* CocktailAppUITests.swift */ = {isa = PBXFileReference; lastKnownFileType = sourcecode.swift; path = CocktailAppUITests.swift; sourceTree = "<group>"; };
		D7B358E72D1D3F880076D6C0 /* CocktailAppUITestsLaunchTests.swift */ = {isa = PBXFileReference; lastKnownFileType = sourcecode.swift; path = CocktailAppUITestsLaunchTests.swift; sourceTree = "<group>"; };
		D7B358F82D1D41530076D6C0 /* CocktailItem.swift */ = {isa = PBXFileReference; lastKnownFileType = sourcecode.swift; path = CocktailItem.swift; sourceTree = "<group>"; };
		D7B358FA2D1D41710076D6C0 /* CocktailDetails.swift */ = {isa = PBXFileReference; lastKnownFileType = sourcecode.swift; path = CocktailDetails.swift; sourceTree = "<group>"; };
		D7B358FC2D1D41A60076D6C0 /* CocktailAPIService.swift */ = {isa = PBXFileReference; lastKnownFileType = sourcecode.swift; path = CocktailAPIService.swift; sourceTree = "<group>"; };
		D7B358FE2D1D41CF0076D6C0 /* CocktailViewModel.swift */ = {isa = PBXFileReference; lastKnownFileType = sourcecode.swift; path = CocktailViewModel.swift; sourceTree = "<group>"; };
		D7B359002D1D42350076D6C0 /* CocktailListView.swift */ = {isa = PBXFileReference; lastKnownFileType = sourcecode.swift; path = CocktailListView.swift; sourceTree = "<group>"; };
		D7B359022D1D42450076D6C0 /* CocktailDetailView.swift */ = {isa = PBXFileReference; lastKnownFileType = sourcecode.swift; path = CocktailDetailView.swift; sourceTree = "<group>"; };
		D7F900BB2D1E95B000064214 /* CocktailViewModelTests.swift */ = {isa = PBXFileReference; lastKnownFileType = sourcecode.swift; path = CocktailViewModelTests.swift; sourceTree = "<group>"; };
		D7F900BD2D1E968400064214 /* CocktailAPIServiceProtocol.swift */ = {isa = PBXFileReference; lastKnownFileType = sourcecode.swift; path = CocktailAPIServiceProtocol.swift; sourceTree = "<group>"; };
		D7F900BF2D1E98E200064214 /* MockCocktailAPIService.swift */ = {isa = PBXFileReference; lastKnownFileType = sourcecode.swift; path = MockCocktailAPIService.swift; sourceTree = "<group>"; };
/* End PBXFileReference section */

/* Begin PBXFrameworksBuildPhase section */
		D7B358C32D1D3F730076D6C0 /* Frameworks */ = {
			isa = PBXFrameworksBuildPhase;
			buildActionMask = 2147483647;
			files = (
			);
			runOnlyForDeploymentPostprocessing = 0;
		};
		D7B358D42D1D3F880076D6C0 /* Frameworks */ = {
			isa = PBXFrameworksBuildPhase;
			buildActionMask = 2147483647;
			files = (
			);
			runOnlyForDeploymentPostprocessing = 0;
		};
		D7B358DE2D1D3F880076D6C0 /* Frameworks */ = {
			isa = PBXFrameworksBuildPhase;
			buildActionMask = 2147483647;
			files = (
			);
			runOnlyForDeploymentPostprocessing = 0;
		};
/* End PBXFrameworksBuildPhase section */

/* Begin PBXGroup section */
		D79198022D21CD6300B4EE0A /* Utility */ = {
			isa = PBXGroup;
			children = (
				D79198032D21CD7F00B4EE0A /* ImageLoader.swift */,
				D79198072D21CF4A00B4EE0A /* ImageCache.swift */,
			);
			path = Utility;
			sourceTree = "<group>";
		};
		D7B358BD2D1D3F730076D6C0 = {
			isa = PBXGroup;
			children = (
				D7B358C82D1D3F730076D6C0 /* CocktailApp */,
				D7B358DA2D1D3F880076D6C0 /* CocktailAppTests */,
				D7B358E42D1D3F880076D6C0 /* CocktailAppUITests */,
				D7B358C72D1D3F730076D6C0 /* Products */,
			);
			sourceTree = "<group>";
		};
		D7B358C72D1D3F730076D6C0 /* Products */ = {
			isa = PBXGroup;
			children = (
				D7B358C62D1D3F730076D6C0 /* CocktailApp.app */,
				D7B358D72D1D3F880076D6C0 /* CocktailAppTests.xctest */,
				D7B358E12D1D3F880076D6C0 /* CocktailAppUITests.xctest */,
			);
			name = Products;
			sourceTree = "<group>";
		};
		D7B358C82D1D3F730076D6C0 /* CocktailApp */ = {
			isa = PBXGroup;
			children = (
				D79198022D21CD6300B4EE0A /* Utility */,
				D7B358F72D1D41120076D6C0 /* Models */,
				D7B358F62D1D40FD0076D6C0 /* ViewModels */,
				D7B358F52D1D40D10076D6C0 /* Views */,
				D7B358F42D1D40C50076D6C0 /* Services */,
				D7B358C92D1D3F730076D6C0 /* CocktailAppApp.swift */,
				D7B358CB2D1D3F730076D6C0 /* ContentView.swift */,
				D7B358CD2D1D3F870076D6C0 /* Assets.xcassets */,
				D7B358CF2D1D3F870076D6C0 /* CocktailApp.entitlements */,
				D7B358D02D1D3F870076D6C0 /* Preview Content */,
			);
			path = CocktailApp;
			sourceTree = "<group>";
		};
		D7B358D02D1D3F870076D6C0 /* Preview Content */ = {
			isa = PBXGroup;
			children = (
				D7B358D12D1D3F870076D6C0 /* Preview Assets.xcassets */,
			);
			path = "Preview Content";
			sourceTree = "<group>";
		};
		D7B358DA2D1D3F880076D6C0 /* CocktailAppTests */ = {
			isa = PBXGroup;
			children = (
				D7B358DB2D1D3F880076D6C0 /* CocktailAppTests.swift */,
				D7F900BB2D1E95B000064214 /* CocktailViewModelTests.swift */,
			);
			path = CocktailAppTests;
			sourceTree = "<group>";
		};
		D7B358E42D1D3F880076D6C0 /* CocktailAppUITests */ = {
			isa = PBXGroup;
			children = (
				D7B358E52D1D3F880076D6C0 /* CocktailAppUITests.swift */,
				D7B358E72D1D3F880076D6C0 /* CocktailAppUITestsLaunchTests.swift */,
			);
			path = CocktailAppUITests;
			sourceTree = "<group>";
		};
		D7B358F42D1D40C50076D6C0 /* Services */ = {
			isa = PBXGroup;
			children = (
				D7B358FC2D1D41A60076D6C0 /* CocktailAPIService.swift */,
				D7F900BD2D1E968400064214 /* CocktailAPIServiceProtocol.swift */,
				D7F900BF2D1E98E200064214 /* MockCocktailAPIService.swift */,
			);
			path = Services;
			sourceTree = "<group>";
		};
		D7B358F52D1D40D10076D6C0 /* Views */ = {
			isa = PBXGroup;
			children = (
				D7B359002D1D42350076D6C0 /* CocktailListView.swift */,
				D7B359022D1D42450076D6C0 /* CocktailDetailView.swift */,
				D79198052D21CDA300B4EE0A /* AsyncImageView.swift */,
			);
			path = Views;
			sourceTree = "<group>";
		};
		D7B358F62D1D40FD0076D6C0 /* ViewModels */ = {
			isa = PBXGroup;
			children = (
				D7B358FE2D1D41CF0076D6C0 /* CocktailViewModel.swift */,
			);
			path = ViewModels;
			sourceTree = "<group>";
		};
		D7B358F72D1D41120076D6C0 /* Models */ = {
			isa = PBXGroup;
			children = (
				D7B358F82D1D41530076D6C0 /* CocktailItem.swift */,
				D7B358FA2D1D41710076D6C0 /* CocktailDetails.swift */,
			);
			path = Models;
			sourceTree = "<group>";
		};
/* End PBXGroup section */

/* Begin PBXNativeTarget section */
		D7B358C52D1D3F730076D6C0 /* CocktailApp */ = {
			isa = PBXNativeTarget;
			buildConfigurationList = D7B358EB2D1D3F880076D6C0 /* Build configuration list for PBXNativeTarget "CocktailApp" */;
			buildPhases = (
				D7B358C22D1D3F730076D6C0 /* Sources */,
				D7B358C32D1D3F730076D6C0 /* Frameworks */,
				D7B358C42D1D3F730076D6C0 /* Resources */,
			);
			buildRules = (
			);
			dependencies = (
			);
			name = CocktailApp;
			productName = CocktailApp;
			productReference = D7B358C62D1D3F730076D6C0 /* CocktailApp.app */;
			productType = "com.apple.product-type.application";
		};
		D7B358D62D1D3F880076D6C0 /* CocktailAppTests */ = {
			isa = PBXNativeTarget;
			buildConfigurationList = D7B358EE2D1D3F880076D6C0 /* Build configuration list for PBXNativeTarget "CocktailAppTests" */;
			buildPhases = (
				D7B358D32D1D3F880076D6C0 /* Sources */,
				D7B358D42D1D3F880076D6C0 /* Frameworks */,
				D7B358D52D1D3F880076D6C0 /* Resources */,
			);
			buildRules = (
			);
			dependencies = (
				D7B358D92D1D3F880076D6C0 /* PBXTargetDependency */,
			);
			name = CocktailAppTests;
			productName = CocktailAppTests;
			productReference = D7B358D72D1D3F880076D6C0 /* CocktailAppTests.xctest */;
			productType = "com.apple.product-type.bundle.unit-test";
		};
		D7B358E02D1D3F880076D6C0 /* CocktailAppUITests */ = {
			isa = PBXNativeTarget;
			buildConfigurationList = D7B358F12D1D3F880076D6C0 /* Build configuration list for PBXNativeTarget "CocktailAppUITests" */;
			buildPhases = (
				D7B358DD2D1D3F880076D6C0 /* Sources */,
				D7B358DE2D1D3F880076D6C0 /* Frameworks */,
				D7B358DF2D1D3F880076D6C0 /* Resources */,
			);
			buildRules = (
			);
			dependencies = (
				D7B358E32D1D3F880076D6C0 /* PBXTargetDependency */,
			);
			name = CocktailAppUITests;
			productName = CocktailAppUITests;
			productReference = D7B358E12D1D3F880076D6C0 /* CocktailAppUITests.xctest */;
			productType = "com.apple.product-type.bundle.ui-testing";
		};
/* End PBXNativeTarget section */

/* Begin PBXProject section */
		D7B358BE2D1D3F730076D6C0 /* Project object */ = {
			isa = PBXProject;
			attributes = {
				BuildIndependentTargetsInParallel = 1;
				LastSwiftUpdateCheck = 1420;
				LastUpgradeCheck = 1420;
				TargetAttributes = {
					D7B358C52D1D3F730076D6C0 = {
						CreatedOnToolsVersion = 14.2;
					};
					D7B358D62D1D3F880076D6C0 = {
						CreatedOnToolsVersion = 14.2;
						TestTargetID = D7B358C52D1D3F730076D6C0;
					};
					D7B358E02D1D3F880076D6C0 = {
						CreatedOnToolsVersion = 14.2;
						TestTargetID = D7B358C52D1D3F730076D6C0;
					};
				};
			};
			buildConfigurationList = D7B358C12D1D3F730076D6C0 /* Build configuration list for PBXProject "CocktailApp" */;
			compatibilityVersion = "Xcode 14.0";
			developmentRegion = en;
			hasScannedForEncodings = 0;
			knownRegions = (
				en,
				Base,
			);
			mainGroup = D7B358BD2D1D3F730076D6C0;
			productRefGroup = D7B358C72D1D3F730076D6C0 /* Products */;
			projectDirPath = "";
			projectRoot = "";
			targets = (
				D7B358C52D1D3F730076D6C0 /* CocktailApp */,
				D7B358D62D1D3F880076D6C0 /* CocktailAppTests */,
				D7B358E02D1D3F880076D6C0 /* CocktailAppUITests */,
			);
		};
/* End PBXProject section */

/* Begin PBXResourcesBuildPhase section */
		D7B358C42D1D3F730076D6C0 /* Resources */ = {
			isa = PBXResourcesBuildPhase;
			buildActionMask = 2147483647;
			files = (
				D7B358D22D1D3F870076D6C0 /* Preview Assets.xcassets in Resources */,
				D7B358CE2D1D3F870076D6C0 /* Assets.xcassets in Resources */,
			);
			runOnlyForDeploymentPostprocessing = 0;
		};
		D7B358D52D1D3F880076D6C0 /* Resources */ = {
			isa = PBXResourcesBuildPhase;
			buildActionMask = 2147483647;
			files = (
			);
			runOnlyForDeploymentPostprocessing = 0;
		};
		D7B358DF2D1D3F880076D6C0 /* Resources */ = {
			isa = PBXResourcesBuildPhase;
			buildActionMask = 2147483647;
			files = (
			);
			runOnlyForDeploymentPostprocessing = 0;
		};
/* End PBXResourcesBuildPhase section */

/* Begin PBXSourcesBuildPhase section */
		D7B358C22D1D3F730076D6C0 /* Sources */ = {
			isa = PBXSourcesBuildPhase;
			buildActionMask = 2147483647;
			files = (
				D7B359012D1D42350076D6C0 /* CocktailListView.swift in Sources */,
				D79198082D21CF4A00B4EE0A /* ImageCache.swift in Sources */,
				D7B358FD2D1D41A60076D6C0 /* CocktailAPIService.swift in Sources */,
				D7B358FB2D1D41710076D6C0 /* CocktailDetails.swift in Sources */,
				D7B359032D1D42450076D6C0 /* CocktailDetailView.swift in Sources */,
				D7F900C02D1E98E200064214 /* MockCocktailAPIService.swift in Sources */,
				D79198042D21CD7F00B4EE0A /* ImageLoader.swift in Sources */,
				D7B358FF2D1D41CF0076D6C0 /* CocktailViewModel.swift in Sources */,
				D7B358CC2D1D3F730076D6C0 /* ContentView.swift in Sources */,
				D7B358CA2D1D3F730076D6C0 /* CocktailAppApp.swift in Sources */,
				D7F900BE2D1E968400064214 /* CocktailAPIServiceProtocol.swift in Sources */,
				D7B358F92D1D41530076D6C0 /* CocktailItem.swift in Sources */,
				D79198062D21CDA300B4EE0A /* AsyncImageView.swift in Sources */,
			);
			runOnlyForDeploymentPostprocessing = 0;
		};
		D7B358D32D1D3F880076D6C0 /* Sources */ = {
			isa = PBXSourcesBuildPhase;
			buildActionMask = 2147483647;
			files = (
				D7F900BC2D1E95B000064214 /* CocktailViewModelTests.swift in Sources */,
				D7B358DC2D1D3F880076D6C0 /* CocktailAppTests.swift in Sources */,
			);
			runOnlyForDeploymentPostprocessing = 0;
		};
		D7B358DD2D1D3F880076D6C0 /* Sources */ = {
			isa = PBXSourcesBuildPhase;
			buildActionMask = 2147483647;
			files = (
				D7B358E82D1D3F880076D6C0 /* CocktailAppUITestsLaunchTests.swift in Sources */,
				D7B358E62D1D3F880076D6C0 /* CocktailAppUITests.swift in Sources */,
			);
			runOnlyForDeploymentPostprocessing = 0;
		};
/* End PBXSourcesBuildPhase section */

/* Begin PBXTargetDependency section */
		D7B358D92D1D3F880076D6C0 /* PBXTargetDependency */ = {
			isa = PBXTargetDependency;
			target = D7B358C52D1D3F730076D6C0 /* CocktailApp */;
			targetProxy = D7B358D82D1D3F880076D6C0 /* PBXContainerItemProxy */;
		};
		D7B358E32D1D3F880076D6C0 /* PBXTargetDependency */ = {
			isa = PBXTargetDependency;
			target = D7B358C52D1D3F730076D6C0 /* CocktailApp */;
			targetProxy = D7B358E22D1D3F880076D6C0 /* PBXContainerItemProxy */;
		};
/* End PBXTargetDependency section */

/* Begin XCBuildConfiguration section */
		D7B358E92D1D3F880076D6C0 /* Debug */ = {
			isa = XCBuildConfiguration;
			buildSettings = {
				ALWAYS_SEARCH_USER_PATHS = NO;
				CLANG_ANALYZER_NONNULL = YES;
				CLANG_ANALYZER_NUMBER_OBJECT_CONVERSION = YES_AGGRESSIVE;
				CLANG_CXX_LANGUAGE_STANDARD = "gnu++20";
				CLANG_ENABLE_MODULES = YES;
				CLANG_ENABLE_OBJC_ARC = YES;
				CLANG_ENABLE_OBJC_WEAK = YES;
				CLANG_WARN_BLOCK_CAPTURE_AUTORELEASING = YES;
				CLANG_WARN_BOOL_CONVERSION = YES;
				CLANG_WARN_COMMA = YES;
				CLANG_WARN_CONSTANT_CONVERSION = YES;
				CLANG_WARN_DEPRECATED_OBJC_IMPLEMENTATIONS = YES;
				CLANG_WARN_DIRECT_OBJC_ISA_USAGE = YES_ERROR;
				CLANG_WARN_DOCUMENTATION_COMMENTS = YES;
				CLANG_WARN_EMPTY_BODY = YES;
				CLANG_WARN_ENUM_CONVERSION = YES;
				CLANG_WARN_INFINITE_RECURSION = YES;
				CLANG_WARN_INT_CONVERSION = YES;
				CLANG_WARN_NON_LITERAL_NULL_CONVERSION = YES;
				CLANG_WARN_OBJC_IMPLICIT_RETAIN_SELF = YES;
				CLANG_WARN_OBJC_LITERAL_CONVERSION = YES;
				CLANG_WARN_OBJC_ROOT_CLASS = YES_ERROR;
				CLANG_WARN_QUOTED_INCLUDE_IN_FRAMEWORK_HEADER = YES;
				CLANG_WARN_RANGE_LOOP_ANALYSIS = YES;
				CLANG_WARN_STRICT_PROTOTYPES = YES;
				CLANG_WARN_SUSPICIOUS_MOVE = YES;
				CLANG_WARN_UNGUARDED_AVAILABILITY = YES_AGGRESSIVE;
				CLANG_WARN_UNREACHABLE_CODE = YES;
				CLANG_WARN__DUPLICATE_METHOD_MATCH = YES;
				COPY_PHASE_STRIP = NO;
				DEBUG_INFORMATION_FORMAT = dwarf;
				ENABLE_STRICT_OBJC_MSGSEND = YES;
				ENABLE_TESTABILITY = YES;
				GCC_C_LANGUAGE_STANDARD = gnu11;
				GCC_DYNAMIC_NO_PIC = NO;
				GCC_NO_COMMON_BLOCKS = YES;
				GCC_OPTIMIZATION_LEVEL = 0;
				GCC_PREPROCESSOR_DEFINITIONS = (
					"DEBUG=1",
					"$(inherited)",
				);
				GCC_WARN_64_TO_32_BIT_CONVERSION = YES;
				GCC_WARN_ABOUT_RETURN_TYPE = YES_ERROR;
				GCC_WARN_UNDECLARED_SELECTOR = YES;
				GCC_WARN_UNINITIALIZED_AUTOS = YES_AGGRESSIVE;
				GCC_WARN_UNUSED_FUNCTION = YES;
				GCC_WARN_UNUSED_VARIABLE = YES;
				MTL_ENABLE_DEBUG_INFO = INCLUDE_SOURCE;
				MTL_FAST_MATH = YES;
				ONLY_ACTIVE_ARCH = YES;
				SWIFT_ACTIVE_COMPILATION_CONDITIONS = DEBUG;
				SWIFT_OPTIMIZATION_LEVEL = "-Onone";
			};
			name = Debug;
		};
		D7B358EA2D1D3F880076D6C0 /* Release */ = {
			isa = XCBuildConfiguration;
			buildSettings = {
				ALWAYS_SEARCH_USER_PATHS = NO;
				CLANG_ANALYZER_NONNULL = YES;
				CLANG_ANALYZER_NUMBER_OBJECT_CONVERSION = YES_AGGRESSIVE;
				CLANG_CXX_LANGUAGE_STANDARD = "gnu++20";
				CLANG_ENABLE_MODULES = YES;
				CLANG_ENABLE_OBJC_ARC = YES;
				CLANG_ENABLE_OBJC_WEAK = YES;
				CLANG_WARN_BLOCK_CAPTURE_AUTORELEASING = YES;
				CLANG_WARN_BOOL_CONVERSION = YES;
				CLANG_WARN_COMMA = YES;
				CLANG_WARN_CONSTANT_CONVERSION = YES;
				CLANG_WARN_DEPRECATED_OBJC_IMPLEMENTATIONS = YES;
				CLANG_WARN_DIRECT_OBJC_ISA_USAGE = YES_ERROR;
				CLANG_WARN_DOCUMENTATION_COMMENTS = YES;
				CLANG_WARN_EMPTY_BODY = YES;
				CLANG_WARN_ENUM_CONVERSION = YES;
				CLANG_WARN_INFINITE_RECURSION = YES;
				CLANG_WARN_INT_CONVERSION = YES;
				CLANG_WARN_NON_LITERAL_NULL_CONVERSION = YES;
				CLANG_WARN_OBJC_IMPLICIT_RETAIN_SELF = YES;
				CLANG_WARN_OBJC_LITERAL_CONVERSION = YES;
				CLANG_WARN_OBJC_ROOT_CLASS = YES_ERROR;
				CLANG_WARN_QUOTED_INCLUDE_IN_FRAMEWORK_HEADER = YES;
				CLANG_WARN_RANGE_LOOP_ANALYSIS = YES;
				CLANG_WARN_STRICT_PROTOTYPES = YES;
				CLANG_WARN_SUSPICIOUS_MOVE = YES;
				CLANG_WARN_UNGUARDED_AVAILABILITY = YES_AGGRESSIVE;
				CLANG_WARN_UNREACHABLE_CODE = YES;
				CLANG_WARN__DUPLICATE_METHOD_MATCH = YES;
				COPY_PHASE_STRIP = NO;
				DEBUG_INFORMATION_FORMAT = "dwarf-with-dsym";
				ENABLE_NS_ASSERTIONS = NO;
				ENABLE_STRICT_OBJC_MSGSEND = YES;
				GCC_C_LANGUAGE_STANDARD = gnu11;
				GCC_NO_COMMON_BLOCKS = YES;
				GCC_WARN_64_TO_32_BIT_CONVERSION = YES;
				GCC_WARN_ABOUT_RETURN_TYPE = YES_ERROR;
				GCC_WARN_UNDECLARED_SELECTOR = YES;
				GCC_WARN_UNINITIALIZED_AUTOS = YES_AGGRESSIVE;
				GCC_WARN_UNUSED_FUNCTION = YES;
				GCC_WARN_UNUSED_VARIABLE = YES;
				MTL_ENABLE_DEBUG_INFO = NO;
				MTL_FAST_MATH = YES;
				SWIFT_COMPILATION_MODE = wholemodule;
				SWIFT_OPTIMIZATION_LEVEL = "-O";
			};
			name = Release;
		};
		D7B358EC2D1D3F880076D6C0 /* Debug */ = {
			isa = XCBuildConfiguration;
			buildSettings = {
				ASSETCATALOG_COMPILER_APPICON_NAME = AppIcon;
				ASSETCATALOG_COMPILER_GLOBAL_ACCENT_COLOR_NAME = AccentColor;
				CODE_SIGN_ENTITLEMENTS = CocktailApp/CocktailApp.entitlements;
				CODE_SIGN_STYLE = Automatic;
				CURRENT_PROJECT_VERSION = 1;
				DEVELOPMENT_ASSET_PATHS = "\"CocktailApp/Preview Content\"";
				ENABLE_PREVIEWS = YES;
				GENERATE_INFOPLIST_FILE = YES;
				"INFOPLIST_KEY_UIApplicationSceneManifest_Generation[sdk=iphoneos*]" = YES;
				"INFOPLIST_KEY_UIApplicationSceneManifest_Generation[sdk=iphonesimulator*]" = YES;
				"INFOPLIST_KEY_UIApplicationSupportsIndirectInputEvents[sdk=iphoneos*]" = YES;
				"INFOPLIST_KEY_UIApplicationSupportsIndirectInputEvents[sdk=iphonesimulator*]" = YES;
				"INFOPLIST_KEY_UILaunchScreen_Generation[sdk=iphoneos*]" = YES;
				"INFOPLIST_KEY_UILaunchScreen_Generation[sdk=iphonesimulator*]" = YES;
				"INFOPLIST_KEY_UIStatusBarStyle[sdk=iphoneos*]" = UIStatusBarStyleDefault;
				"INFOPLIST_KEY_UIStatusBarStyle[sdk=iphonesimulator*]" = UIStatusBarStyleDefault;
				INFOPLIST_KEY_UISupportedInterfaceOrientations_iPad = "UIInterfaceOrientationPortrait UIInterfaceOrientationPortraitUpsideDown UIInterfaceOrientationLandscapeLeft UIInterfaceOrientationLandscapeRight";
				INFOPLIST_KEY_UISupportedInterfaceOrientations_iPhone = "UIInterfaceOrientationPortrait UIInterfaceOrientationLandscapeLeft UIInterfaceOrientationLandscapeRight";
				IPHONEOS_DEPLOYMENT_TARGET = 16.2;
				LD_RUNPATH_SEARCH_PATHS = "@executable_path/Frameworks";
				"LD_RUNPATH_SEARCH_PATHS[sdk=macosx*]" = "@executable_path/../Frameworks";
				MACOSX_DEPLOYMENT_TARGET = 12.6;
				MARKETING_VERSION = 1.0;
				PRODUCT_BUNDLE_IDENTIFIER = com.test.CocktailApp;
				PRODUCT_NAME = "$(TARGET_NAME)";
				SDKROOT = auto;
				SUPPORTED_PLATFORMS = "iphoneos iphonesimulator macosx";
				SWIFT_EMIT_LOC_STRINGS = YES;
				SWIFT_VERSION = 5.0;
				TARGETED_DEVICE_FAMILY = "1,2";
			};
			name = Debug;
		};
		D7B358ED2D1D3F880076D6C0 /* Release */ = {
			isa = XCBuildConfiguration;
			buildSettings = {
				ASSETCATALOG_COMPILER_APPICON_NAME = AppIcon;
				ASSETCATALOG_COMPILER_GLOBAL_ACCENT_COLOR_NAME = AccentColor;
				CODE_SIGN_ENTITLEMENTS = CocktailApp/CocktailApp.entitlements;
				CODE_SIGN_STYLE = Automatic;
				CURRENT_PROJECT_VERSION = 1;
				DEVELOPMENT_ASSET_PATHS = "\"CocktailApp/Preview Content\"";
				ENABLE_PREVIEWS = YES;
				GENERATE_INFOPLIST_FILE = YES;
				"INFOPLIST_KEY_UIApplicationSceneManifest_Generation[sdk=iphoneos*]" = YES;
				"INFOPLIST_KEY_UIApplicationSceneManifest_Generation[sdk=iphonesimulator*]" = YES;
				"INFOPLIST_KEY_UIApplicationSupportsIndirectInputEvents[sdk=iphoneos*]" = YES;
				"INFOPLIST_KEY_UIApplicationSupportsIndirectInputEvents[sdk=iphonesimulator*]" = YES;
				"INFOPLIST_KEY_UILaunchScreen_Generation[sdk=iphoneos*]" = YES;
				"INFOPLIST_KEY_UILaunchScreen_Generation[sdk=iphonesimulator*]" = YES;
				"INFOPLIST_KEY_UIStatusBarStyle[sdk=iphoneos*]" = UIStatusBarStyleDefault;
				"INFOPLIST_KEY_UIStatusBarStyle[sdk=iphonesimulator*]" = UIStatusBarStyleDefault;
				INFOPLIST_KEY_UISupportedInterfaceOrientations_iPad = "UIInterfaceOrientationPortrait UIInterfaceOrientationPortraitUpsideDown UIInterfaceOrientationLandscapeLeft UIInterfaceOrientationLandscapeRight";
				INFOPLIST_KEY_UISupportedInterfaceOrientations_iPhone = "UIInterfaceOrientationPortrait UIInterfaceOrientationLandscapeLeft UIInterfaceOrientationLandscapeRight";
				IPHONEOS_DEPLOYMENT_TARGET = 16.2;
				LD_RUNPATH_SEARCH_PATHS = "@executable_path/Frameworks";
				"LD_RUNPATH_SEARCH_PATHS[sdk=macosx*]" = "@executable_path/../Frameworks";
				MACOSX_DEPLOYMENT_TARGET = 12.6;
				MARKETING_VERSION = 1.0;
				PRODUCT_BUNDLE_IDENTIFIER = com.test.CocktailApp;
				PRODUCT_NAME = "$(TARGET_NAME)";
				SDKROOT = auto;
				SUPPORTED_PLATFORMS = "iphoneos iphonesimulator macosx";
				SWIFT_EMIT_LOC_STRINGS = YES;
				SWIFT_VERSION = 5.0;
				TARGETED_DEVICE_FAMILY = "1,2";
			};
			name = Release;
		};
		D7B358EF2D1D3F880076D6C0 /* Debug */ = {
			isa = XCBuildConfiguration;
			buildSettings = {
				ALWAYS_EMBED_SWIFT_STANDARD_LIBRARIES = YES;
				BUNDLE_LOADER = "$(TEST_HOST)";
				CODE_SIGN_STYLE = Automatic;
				CURRENT_PROJECT_VERSION = 1;
				GENERATE_INFOPLIST_FILE = YES;
				IPHONEOS_DEPLOYMENT_TARGET = 16.2;
				MACOSX_DEPLOYMENT_TARGET = 12.6;
				MARKETING_VERSION = 1.0;
				PRODUCT_BUNDLE_IDENTIFIER = com.test.CocktailAppTests;
				PRODUCT_NAME = "$(TARGET_NAME)";
				SDKROOT = auto;
				SUPPORTED_PLATFORMS = "iphoneos iphonesimulator macosx";
				SWIFT_EMIT_LOC_STRINGS = NO;
				SWIFT_VERSION = 5.0;
				TARGETED_DEVICE_FAMILY = "1,2";
				TEST_HOST = "$(BUILT_PRODUCTS_DIR)/CocktailApp.app/$(BUNDLE_EXECUTABLE_FOLDER_PATH)/CocktailApp";
			};
			name = Debug;
		};
		D7B358F02D1D3F880076D6C0 /* Release */ = {
			isa = XCBuildConfiguration;
			buildSettings = {
				ALWAYS_EMBED_SWIFT_STANDARD_LIBRARIES = YES;
				BUNDLE_LOADER = "$(TEST_HOST)";
				CODE_SIGN_STYLE = Automatic;
				CURRENT_PROJECT_VERSION = 1;
				GENERATE_INFOPLIST_FILE = YES;
				IPHONEOS_DEPLOYMENT_TARGET = 16.2;
				MACOSX_DEPLOYMENT_TARGET = 12.6;
				MARKETING_VERSION = 1.0;
				PRODUCT_BUNDLE_IDENTIFIER = com.test.CocktailAppTests;
				PRODUCT_NAME = "$(TARGET_NAME)";
				SDKROOT = auto;
				SUPPORTED_PLATFORMS = "iphoneos iphonesimulator macosx";
				SWIFT_EMIT_LOC_STRINGS = NO;
				SWIFT_VERSION = 5.0;
				TARGETED_DEVICE_FAMILY = "1,2";
				TEST_HOST = "$(BUILT_PRODUCTS_DIR)/CocktailApp.app/$(BUNDLE_EXECUTABLE_FOLDER_PATH)/CocktailApp";
			};
			name = Release;
		};
		D7B358F22D1D3F880076D6C0 /* Debug */ = {
			isa = XCBuildConfiguration;
			buildSettings = {
				ALWAYS_EMBED_SWIFT_STANDARD_LIBRARIES = YES;
				CODE_SIGN_STYLE = Automatic;
				CURRENT_PROJECT_VERSION = 1;
				GENERATE_INFOPLIST_FILE = YES;
				IPHONEOS_DEPLOYMENT_TARGET = 16.2;
				MACOSX_DEPLOYMENT_TARGET = 12.6;
				MARKETING_VERSION = 1.0;
				PRODUCT_BUNDLE_IDENTIFIER = com.test.CocktailAppUITests;
				PRODUCT_NAME = "$(TARGET_NAME)";
				SDKROOT = auto;
				SUPPORTED_PLATFORMS = "iphoneos iphonesimulator macosx";
				SWIFT_EMIT_LOC_STRINGS = NO;
				SWIFT_VERSION = 5.0;
				TARGETED_DEVICE_FAMILY = "1,2";
				TEST_TARGET_NAME = CocktailApp;
			};
			name = Debug;
		};
		D7B358F32D1D3F880076D6C0 /* Release */ = {
			isa = XCBuildConfiguration;
			buildSettings = {
				ALWAYS_EMBED_SWIFT_STANDARD_LIBRARIES = YES;
				CODE_SIGN_STYLE = Automatic;
				CURRENT_PROJECT_VERSION = 1;
				GENERATE_INFOPLIST_FILE = YES;
				IPHONEOS_DEPLOYMENT_TARGET = 16.2;
				MACOSX_DEPLOYMENT_TARGET = 12.6;
				MARKETING_VERSION = 1.0;
				PRODUCT_BUNDLE_IDENTIFIER = com.test.CocktailAppUITests;
				PRODUCT_NAME = "$(TARGET_NAME)";
				SDKROOT = auto;
				SUPPORTED_PLATFORMS = "iphoneos iphonesimulator macosx";
				SWIFT_EMIT_LOC_STRINGS = NO;
				SWIFT_VERSION = 5.0;
				TARGETED_DEVICE_FAMILY = "1,2";
				TEST_TARGET_NAME = CocktailApp;
			};
			name = Release;
		};
/* End XCBuildConfiguration section */

/* Begin XCConfigurationList section */
		D7B358C12D1D3F730076D6C0 /* Build configuration list for PBXProject "CocktailApp" */ = {
			isa = XCConfigurationList;
			buildConfigurations = (
				D7B358E92D1D3F880076D6C0 /* Debug */,
				D7B358EA2D1D3F880076D6C0 /* Release */,
			);
			defaultConfigurationIsVisible = 0;
			defaultConfigurationName = Release;
		};
		D7B358EB2D1D3F880076D6C0 /* Build configuration list for PBXNativeTarget "CocktailApp" */ = {
			isa = XCConfigurationList;
			buildConfigurations = (
				D7B358EC2D1D3F880076D6C0 /* Debug */,
				D7B358ED2D1D3F880076D6C0 /* Release */,
			);
			defaultConfigurationIsVisible = 0;
			defaultConfigurationName = Release;
		};
		D7B358EE2D1D3F880076D6C0 /* Build configuration list for PBXNativeTarget "CocktailAppTests" */ = {
			isa = XCConfigurationList;
			buildConfigurations = (
				D7B358EF2D1D3F880076D6C0 /* Debug */,
				D7B358F02D1D3F880076D6C0 /* Release */,
			);
			defaultConfigurationIsVisible = 0;
			defaultConfigurationName = Release;
		};
		D7B358F12D1D3F880076D6C0 /* Build configuration list for PBXNativeTarget "CocktailAppUITests" */ = {
			isa = XCConfigurationList;
			buildConfigurations = (
				D7B358F22D1D3F880076D6C0 /* Debug */,
				D7B358F32D1D3F880076D6C0 /* Release */,
			);
			defaultConfigurationIsVisible = 0;
			defaultConfigurationName = Release;
		};
/* End XCConfigurationList section */
	};
	rootObject = D7B358BE2D1D3F730076D6C0 /* Project object */;
}
